
Microsoft Visual Studio Solution File, Format Version 12.00
# Visual Studio Version 17
VisualStudioVersion = 17.10.34928.147
MinimumVisualStudioVersion = 10.0.40219.1
Project("{FAE04EC0-301F-11D3-BF4B-00C04F79EFBC}") = "EstoqueService", "EstoqueService\EstoqueService.csproj", "{7A892708-E259-43E8-97A2-112E0ADA87FC}"
EndProject
Project("{FAE04EC0-301F-11D3-BF4B-00C04F79EFBC}") = "FaturamentoService", "FaturamentoService\FaturamentoService.csproj", "{86AD5B65-45D1-433E-9CB6-06006BE05B5E}"
EndProject
Global
	GlobalSection(SolutionConfigurationPlatforms) = preSolution
		Debug|Any CPU = Debug|Any CPU
		Release|Any CPU = Release|Any CPU
	EndGlobalSection
	GlobalSection(ProjectConfigurationPlatforms) = postSolution
		{7A892708-E259-43E8-97A2-112E0ADA87FC}.Debug|Any CPU.ActiveCfg = Debug|Any CPU
		{7A892708-E259-43E8-97A2-112E0ADA87FC}.Debug|Any CPU.Build.0 = Debug|Any CPU
		{7A892708-E259-43E8-97A2-112E0ADA87FC}.Release|Any CPU.ActiveCfg = Release|Any CPU
		{7A892708-E259-43E8-97A2-112E0ADA87FC}.Release|Any CPU.Build.0 = Release|Any CPU
		{86AD5B65-45D1-433E-9CB6-06006BE05B5E}.Debug|Any CPU.ActiveCfg = Debug|Any CPU
		{86AD5B65-45D1-433E-9CB6-06006BE05B5E}.Debug|Any CPU.Build.0 = Debug|Any CPU
		{86AD5B65-45D1-433E-9CB6-06006BE05B5E}.Release|Any CPU.ActiveCfg = Release|Any CPU
		{86AD5B65-45D1-433E-9CB6-06006BE05B5E}.Release|Any CPU.Build.0 = Release|Any CPU
	EndGlobalSection
	GlobalSection(SolutionProperties) = preSolution
		HideSolutionNode = FALSE
	EndGlobalSection
	GlobalSection(ExtensibilityGlobals) = postSolution
		SolutionGuid = {8B56DCC6-6C64-46FE-8D4C-70FEF45086E2}
	EndGlobalSection
EndGlobal
